# This is a Gradle generated file for dependency locking.
# Manual edits can break the build and are not advised.
# This file is expected to be part of source control.
com.fasterxml.jackson.core:jackson-annotations:2.13.0=compileClasspath,runtimeClasspath,testCompileClasspath,testRuntimeClasspath
com.fasterxml.jackson.core:jackson-core:2.13.0=compileClasspath,runtimeClasspath,testCompileClasspath,testRuntimeClasspath
com.fasterxml.jackson.core:jackson-databind:2.13.0=compileClasspath,runtimeClasspath,testCompileClasspath,testRuntimeClasspath
com.fasterxml.jackson:jackson-bom:2.13.0=compileClasspath,runtimeClasspath,testCompileClasspath,testRuntimeClasspath
com.github.stephenc.jcip:jcip-annotations:1.0-1=compileClasspath,runtimeClasspath,testCompileClasspath,testRuntimeClasspath
com.microsoft.azure:msal4j:1.11.0=compileClasspath,runtimeClasspath,testCompileClasspath,testRuntimeClasspath
com.networknt:json-schema-validator:1.0.59=compileClasspath,runtimeClasspath,testCompileClasspath,testRuntimeClasspath
com.nimbusds:content-type:2.1=compileClasspath,runtimeClasspath,testCompileClasspath,testRuntimeClasspath
com.nimbusds:lang-tag:1.5=compileClasspath,runtimeClasspath,testCompileClasspath,testRuntimeClasspath
com.nimbusds:nimbus-jose-jwt:9.9.3=compileClasspath,runtimeClasspath,testCompileClasspath,testRuntimeClasspath
com.nimbusds:oauth2-oidc-sdk:9.7=compileClasspath,runtimeClasspath,testCompileClasspath,testRuntimeClasspath
commons-io:commons-io:2.11.0=compileClasspath,runtimeClasspath,testCompileClasspath,testRuntimeClasspath
jakarta.activation:jakarta.activation-api:1.2.2=compileClasspath,runtimeClasspath,testCompileClasspath,testRuntimeClasspath
jakarta.ws.rs:jakarta.ws.rs-api:2.1.6=compileClasspath,runtimeClasspath,testCompileClasspath,testRuntimeClasspath
jakarta.xml.bind:jakarta.xml.bind-api:2.3.3=compileClasspath,runtimeClasspath,testCompileClasspath,testRuntimeClasspath
javax.annotation:jsr250-api:1.0=compileClasspath,runtimeClasspath,testCompileClasspath,testRuntimeClasspath
log4j:log4j:1.2.17=compileClasspath,runtimeClasspath,testCompileClasspath,testRuntimeClasspath
net.minidev:accessors-smart:2.4.7=compileClasspath,runtimeClasspath,testCompileClasspath,testRuntimeClasspath
net.minidev:json-smart:2.4.7=compileClasspath,runtimeClasspath,testCompileClasspath,testRuntimeClasspath
ognl:ognl:3.1.26=compileClasspath,runtimeClasspath,testCompileClasspath,testRuntimeClasspath
org.apache.commons:commons-lang3:3.12.0=compileClasspath,runtimeClasspath,testCompileClasspath,testRuntimeClasspath
org.apiguardian:apiguardian-api:1.1.2=testCompileClasspath
org.attoparser:attoparser:2.0.5.RELEASE=compileClasspath,runtimeClasspath,testCompileClasspath,testRuntimeClasspath
org.codehaus.enunciate:enunciate-core-annotations:1.31=compileClasspath,runtimeClasspath,testCompileClasspath,testRuntimeClasspath
org.ehcache:ehcache:3.9.6=compileClasspath,runtimeClasspath,testCompileClasspath,testRuntimeClasspath
org.javassist:javassist:3.20.0-GA=compileClasspath,runtimeClasspath,testCompileClasspath,testRuntimeClasspath
org.junit.jupiter:junit-jupiter-api:5.8.1=testCompileClasspath,testRuntimeClasspath
org.junit.jupiter:junit-jupiter-engine:5.8.1=testRuntimeClasspath
org.junit.platform:junit-platform-commons:1.8.1=testCompileClasspath,testRuntimeClasspath
org.junit.platform:junit-platform-engine:1.8.1=testRuntimeClasspath
org.junit:junit-bom:5.8.1=testCompileClasspath,testRuntimeClasspath
org.opentest4j:opentest4j:1.2.0=testCompileClasspath,testRuntimeClasspath
org.ow2.asm:asm:9.1=compileClasspath,runtimeClasspath,testCompileClasspath,testRuntimeClasspath
org.pentaho:commons-database-model:8.3.0.23-1295=compileClasspath
org.pentaho:pentaho-metadata:8.3.0.23-1295=compileClasspath
org.slf4j:slf4j-api:1.7.32=compileClasspath,runtimeClasspath,testCompileClasspath,testRuntimeClasspath
org.slf4j:slf4j-log4j12:1.7.32=compileClasspath,runtimeClasspath,testCompileClasspath,testRuntimeClasspath
org.springframework:spring-beans:5.3.10=compileClasspath,runtimeClasspath,testCompileClasspath,testRuntimeClasspath
org.springframework:spring-core:5.3.10=compileClasspath,runtimeClasspath,testCompileClasspath,testRuntimeClasspath
org.springframework:spring-jcl:5.3.10=compileClasspath,runtimeClasspath,testCompileClasspath,testRuntimeClasspath
org.springframework:spring-web:5.3.10=compileClasspath,runtimeClasspath,testCompileClasspath,testRuntimeClasspath
org.thymeleaf:thymeleaf:3.0.12.RELEASE=compileClasspath,runtimeClasspath,testCompileClasspath,testRuntimeClasspath
org.unbescape:unbescape:1.1.6.RELEASE=compileClasspath,runtimeClasspath,testCompileClasspath,testRuntimeClasspath
pentaho:pentaho-platform-api:8.3.0.23-1295=compileClasspath
pentaho:pentaho-platform-core:8.3.0.23-1295=compileClasspath
pentaho:pentaho-platform-extensions:8.3.0.23-1295=compileClasspath
pentaho:pentaho-platform-repository:8.3.0.23-1295=compileClasspath
empty=annotationProcessor,testAnnotationProcessor
